{
  "version": 1,
  "dependencies": {
    "net6.0": {
      "Dapper": {
        "type": "Direct",
        "requested": "[2.0.90, )",
        "resolved": "2.0.90",
        "contentHash": "e4YjOLJptnpwHIbP8HxjaYf7So9lhUC43rvvGMEkH4Q4CiVlm4rOxYDo0HyuHlMQKj0U5Ob/nCMm52TUhTaZQg=="
      },
      "DasMulli.Win32.ServiceUtils": {
        "type": "Direct",
        "requested": "[1.2.0, )",
        "resolved": "1.2.0",
        "contentHash": "aizPvwlj7TGGDKq4ukK4UGMONwVyCAywnRBgy5DUJdKCkn3BVqabr6APJQ1JaEs2NOjyBBEOnUwL5vIgqjW4dg=="
      },
      "FluentMigrator.Extensions.SqlServer": {
        "type": "Direct",
        "requested": "[3.3.2, )",
        "resolved": "3.3.2",
        "contentHash": "uWXnsxM/AWfzPLtG98m++wMJ3PzKMVjpCkU6dpu77f7gCGt1hV4+Yh/Bzph1Ds6tPqb4LUV1aLrlxfjBT4AVlg==",
        "dependencies": {
          "FluentMigrator.Abstractions": "3.3.2"
        }
      },
      "FluentMigrator.Runner": {
        "type": "Direct",
        "requested": "[3.3.2, )",
        "resolved": "3.3.2",
        "contentHash": "E7Y7Fi9ounCDaj0tHYdZb+1M7wW9SMnzh/OTPsWMYruQ05G+a2/2zHXmGRxjP8UHa8HRmZxDOvZmkA/hOswVpQ==",
        "dependencies": {
          "FluentMigrator": "3.3.2",
          "FluentMigrator.Runner.Core": "3.3.2",
          "FluentMigrator.Runner.Db2": "3.3.2",
          "FluentMigrator.Runner.Firebird": "3.3.2",
          "FluentMigrator.Runner.Hana": "3.3.2",
          "FluentMigrator.Runner.MySql": "3.3.2",
          "FluentMigrator.Runner.Oracle": "3.3.2",
          "FluentMigrator.Runner.Postgres": "3.3.2",
          "FluentMigrator.Runner.Redshift": "3.3.2",
          "FluentMigrator.Runner.SQLite": "3.3.2",
          "FluentMigrator.Runner.SqlAnywhere": "3.3.2",
          "FluentMigrator.Runner.SqlServer": "3.3.2",
          "FluentMigrator.Runner.SqlServerCe": "3.3.2",
          "Microsoft.Extensions.Configuration.Abstractions": "2.0.1",
          "Microsoft.Extensions.Logging": "2.0.1"
        }
      },
      "FluentMigrator.Runner.SqlServer": {
        "type": "Direct",
        "requested": "[3.3.2, )",
        "resolved": "3.3.2",
        "contentHash": "Tq/f6N2gnUpzg1wtnm/eKchbjhtwQoR3Cy+DJhXkvm/Ohc17LeSrv1kDdMtYBXs3ofdbqoRLaIjsQtQSyJvj2w==",
        "dependencies": {
          "FluentMigrator.Extensions.SqlServer": "3.3.2",
          "FluentMigrator.Runner.Core": "3.3.2",
          "Microsoft.Data.SqlClient": "2.1.2"
        }
      },
      "Microsoft.Extensions.Caching.Abstractions": {
        "type": "Direct",
        "requested": "[6.0.0, )",
        "resolved": "6.0.0",
        "contentHash": "bcz5sSFJbganH0+YrfvIjJDIcKNW7TL07C4d1eTmXy/wOt52iz4LVogJb6pazs7W0+74j0YpXFErvp++Aq5Bsw==",
        "dependencies": {
          "Microsoft.Extensions.Primitives": "6.0.0"
        }
      },
      "Microsoft.Extensions.Options": {
        "type": "Direct",
        "requested": "[5.0.0, )",
        "resolved": "5.0.0",
        "contentHash": "CBvR92TCJ5uBIdd9/HzDSrxYak+0W/3+yxrNg8Qm6Bmrkh5L+nu6m3WeazQehcZ5q1/6dDA7J5YdQjim0165zg==",
        "dependencies": {
          "Microsoft.Extensions.DependencyInjection.Abstractions": "5.0.0",
          "Microsoft.Extensions.Primitives": "5.0.0"
        }
      },
      "Newtonsoft.Json": {
        "type": "Direct",
        "requested": "[13.0.1, )",
        "resolved": "13.0.1",
        "contentHash": "ppPFpBcvxdsfUonNcvITKqLl3bqxWbDCZIzDWHzjpdAHRFfZe0Dw9HmA0+za13IdyrgJwpkDTDA9fHaxOrt20A=="
      },
      "SonarAnalyzer.CSharp": {
        "type": "Direct",
        "requested": "[8.35.0.42613, )",
        "resolved": "8.35.0.42613",
        "contentHash": "bSEpHYZXrSOXJVMr6ozINn0sO5WT9ShmOUZJsJN2CCgyzUhPUZd0wnp59cm9zUiBA28B7yESPo61nbX5trICYw=="
      },
      "StyleCop.Analyzers": {
        "type": "Direct",
        "requested": "[1.2.0-beta.376, )",
        "resolved": "1.2.0-beta.376",
        "contentHash": "uaaVoOYWfIMoWtZsNJwV0m/GI3XAi8BA71e9iBOFDPo3TtAmcGkZ2qcxItkWb6eKI90urOPmxc35BnuhluC1IA==",
        "dependencies": {
          "StyleCop.Analyzers.Unstable": "1.2.0.376"
        }
      },
      "System.ComponentModel.Annotations": {
        "type": "Direct",
        "requested": "[5.0.0, )",
        "resolved": "5.0.0",
        "contentHash": "dMkqfy2el8A8/I76n2Hi1oBFEbG1SfxD2l5nhwXV3XjlnOmwxJlQbYpJH4W51odnU9sARCSAgv7S3CyAFMkpYg=="
      },
      "System.Data.SqlClient": {
        "type": "Direct",
        "requested": "[4.8.3, )",
        "resolved": "4.8.3",
        "contentHash": "yERfVLXAY0QbylAgaGLByYN0hFxX28aeEQ0hUgJO+Ntn1AfmWl5HHUoYJA0Yl9HhIUUJHVaS/Sw/RLZr5aaC+A==",
        "dependencies": {
          "Microsoft.Win32.Registry": "4.7.0",
          "System.Security.Principal.Windows": "4.7.0",
          "runtime.native.System.Data.SqlClient.sni": "4.7.0"
        }
      },
      "FluentMigrator": {
        "type": "Transitive",
        "resolved": "3.3.2",
        "contentHash": "kOlIRqXbvnNXTJTyxSHFySKJqgkykTgm9+78zAGuzDqUV39VzmW5vdCoksp7R2ctNp7im6z6UTMi5w8VyKdotA==",
        "dependencies": {
          "FluentMigrator.Abstractions": "3.3.2",
          "Microsoft.Extensions.DependencyInjection": "2.0.0",
          "Microsoft.Extensions.Options": "2.0.1"
        }
      },
      "FluentMigrator.Abstractions": {
        "type": "Transitive",
        "resolved": "3.3.2",
        "contentHash": "llDjPyUOHzcfmrADIZHe15dnC84k9mE5kEaR5Nyy04Mig7JdcJ2TB2pRrHCM0eLb+EsWnQMfui8KyYTwD4HKpA==",
        "dependencies": {
          "System.ComponentModel.Annotations": "4.4.1",
          "System.ValueTuple": "4.4.0"
        }
      },
      "FluentMigrator.Extensions.Oracle": {
        "type": "Transitive",
        "resolved": "3.3.2",
        "contentHash": "CshDZ2tYsA8JgesREp3OY5spBs3BO/H5VGYrAcR67xeib45E7jejDLjUvJeNs+Zsdwtq+zzT5Ne6WYMlBSaihA==",
        "dependencies": {
          "FluentMigrator.Abstractions": "3.3.2"
        }
      },
      "FluentMigrator.Extensions.Postgres": {
        "type": "Transitive",
        "resolved": "3.3.2",
        "contentHash": "+6MuC8W10jkUxrZ/ebiEtoa7uogYInn0uUAuA8zYgaCjCq5YNBS/g1li6516CkSj2uAYWozwwE1LGmyt++T/LQ==",
        "dependencies": {
          "FluentMigrator.Abstractions": "3.3.2"
        }
      },
      "FluentMigrator.Extensions.SqlAnywhere": {
        "type": "Transitive",
        "resolved": "3.3.2",
        "contentHash": "N8BAA2gaRfjTVkxOZMoB5nLGrC3Yhdfg0vaPEmov0XPMa7O6Gwa79q7Vt6TIcZccSFSjmPzO5AJaSSnXlQfqfg==",
        "dependencies": {
          "FluentMigrator.Abstractions": "3.3.2"
        }
      },
      "FluentMigrator.Runner.Core": {
        "type": "Transitive",
        "resolved": "3.3.2",
        "contentHash": "7fIWRNyXBvhxP1TXS3ge0MoyBL7qm+tFgqXU7XzXCkkmww8e8gyEXyRCjM8Pw2ZgWYp4ghvVw12zKkPof+67kA==",
        "dependencies": {
          "FluentMigrator.Abstractions": "3.3.2",
          "Microsoft.Extensions.Configuration.Abstractions": "2.0.1",
          "Microsoft.Extensions.DependencyInjection": "2.0.0",
          "Microsoft.Extensions.Logging.Abstractions": "2.0.1",
          "Microsoft.Extensions.Options": "2.0.1"
        }
      },
      "FluentMigrator.Runner.Db2": {
        "type": "Transitive",
        "resolved": "3.3.2",
        "contentHash": "UoLqwxKQJaACxM4tS2bZIVUz+uWAVHqiSnga9bGYBXmhDkAGCaVUN2Nir3SDyshRGrjA9DcUucaApp/YfGK7Fw==",
        "dependencies": {
          "FluentMigrator.Runner.Core": "3.3.2"
        }
      },
      "FluentMigrator.Runner.Firebird": {
        "type": "Transitive",
        "resolved": "3.3.2",
        "contentHash": "gjyXCJnq7kjhxGcAUIVT5/DEuyiS18SWFJrRG9TyteyiAiaLGqaxxwEiKcycfY4iGP8GHMZVjpOI5jK3pViJSw==",
        "dependencies": {
          "FluentMigrator.Runner.Core": "3.3.2",
          "Microsoft.Extensions.Options": "2.0.1"
        }
      },
      "FluentMigrator.Runner.Hana": {
        "type": "Transitive",
        "resolved": "3.3.2",
        "contentHash": "EAM/WaBgBJ5VcBPTDL8/HzWmW0kyWKaYkmQRNm8Qvac3bjUoXhTn/HhXZ+ORqGZNHlwede/QKbv4Tjd9XF5ICA==",
        "dependencies": {
          "FluentMigrator.Runner.Core": "3.3.2"
        }
      },
      "FluentMigrator.Runner.MySql": {
        "type": "Transitive",
        "resolved": "3.3.2",
        "contentHash": "lOVRvuA6eOKGr/Oj4kV1MQVXw/ec0bHNpwTVAbY+f1LKYVqO7UKBwhJvivl7cswMUFKc5aLWiJQdwPMaCFDdcg==",
        "dependencies": {
          "FluentMigrator.Runner.Core": "3.3.2"
        }
      },
      "FluentMigrator.Runner.Oracle": {
        "type": "Transitive",
        "resolved": "3.3.2",
        "contentHash": "vaVWNq04sVT+Q2qypD5269dOSmuwsU/lmEoRDsyQP+3hOSvyLJcDNo8APEBWITd1uTJIJyhafT7z8/rvFuXvIA==",
        "dependencies": {
          "FluentMigrator.Extensions.Oracle": "3.3.2",
          "FluentMigrator.Runner.Core": "3.3.2"
        }
      },
      "FluentMigrator.Runner.Postgres": {
        "type": "Transitive",
        "resolved": "3.3.2",
        "contentHash": "XyrOgYXrTqEH9oAEItRUSyIwgEH4CPf200BThfAKLg71eCT8hqjtEXIq0YHGLzymfpyyVOC+xDMhSYT4ri/y+A==",
        "dependencies": {
          "FluentMigrator.Extensions.Postgres": "3.3.2",
          "FluentMigrator.Runner.Core": "3.3.2"
        }
      },
      "FluentMigrator.Runner.Redshift": {
        "type": "Transitive",
        "resolved": "3.3.2",
        "contentHash": "X9FRs4MhSgeCkwM7bEWomMtQeCt2nw+R18aS4z4RvCZYJcYQNR9pEVnc+IuVv50aNDMgloVxdrfktS2ztqjV7w==",
        "dependencies": {
          "FluentMigrator.Runner.Core": "3.3.2"
        }
      },
      "FluentMigrator.Runner.SqlAnywhere": {
        "type": "Transitive",
        "resolved": "3.3.2",
        "contentHash": "6YB9nlmQA7r/cHH8AYnmGK170ddxEgzZ6QaNGM43EKmpmP6VGs/d4/FI5ERJSpn1mCTnQvy9dz3fg2olgg5RUQ==",
        "dependencies": {
          "FluentMigrator.Extensions.SqlAnywhere": "3.3.2",
          "FluentMigrator.Runner.Core": "3.3.2"
        }
      },
      "FluentMigrator.Runner.SQLite": {
        "type": "Transitive",
        "resolved": "3.3.2",
        "contentHash": "8S/lHrLNI33TS4EQmKOtSj6MhtST4Ae3sXxeNSMyAKkcgd8faZ6RzYlxiqDruuQugSflGzW2ycZYwcGo+i/A5Q==",
        "dependencies": {
          "FluentMigrator.Runner.Core": "3.3.2"
        }
      },
      "FluentMigrator.Runner.SqlServerCe": {
        "type": "Transitive",
        "resolved": "3.3.2",
        "contentHash": "IOYYVsgsTPdRUx6ZZ74Xuu6ZCTJuj268CG4hYciMsznuAGSZvADHFQrHC0EdXn+kNOdZfYeKyJ+kuR+igm6utg==",
        "dependencies": {
          "FluentMigrator.Runner.SqlServer": "3.3.2",
          "System.Security.Permissions": "4.7.0"
        }
      },
      "Microsoft.CSharp": {
        "type": "Transitive",
        "resolved": "4.5.0",
        "contentHash": "kaj6Wb4qoMuH3HySFJhxwQfe8R/sJsNJnANrvv8WdFPMoNbKY5htfNscv+LHCu5ipz+49m2e+WQXpLXr9XYemQ=="
      },
      "Microsoft.Data.SqlClient": {
        "type": "Transitive",
        "resolved": "2.1.2",
        "contentHash": "FCR+H1Fs4908IZMBhCBiWbyqc7vTABkF2EF9S/TViCtE6Di0XN+WcKInWOVCfh5qLOQXswHD1b5A4i1d92ubgw==",
        "dependencies": {
          "Microsoft.Data.SqlClient.SNI.runtime": "2.1.1",
          "Microsoft.Identity.Client": "4.21.1",
          "Microsoft.IdentityModel.JsonWebTokens": "6.8.0",
          "Microsoft.IdentityModel.Protocols.OpenIdConnect": "6.8.0",
          "Microsoft.Win32.Registry": "4.7.0",
          "System.Configuration.ConfigurationManager": "4.7.0",
          "System.Diagnostics.DiagnosticSource": "4.7.0",
          "System.Runtime.Caching": "4.7.0",
          "System.Security.Principal.Windows": "4.7.0",
          "System.Text.Encoding.CodePages": "4.7.0"
        }
      },
      "Microsoft.Data.SqlClient.SNI.runtime": {
        "type": "Transitive",
        "resolved": "2.1.1",
        "contentHash": "JwGDWkyZgm7SATJmFLfT2G4teimvNbNtq3lsS9a5DzvhEZnQrZjZhevCU0vdx8MjheLHoG5vocuO03QtioFQxQ=="
      },
      "Microsoft.Extensions.Configuration.Abstractions": {
        "type": "Transitive",
        "resolved": "2.0.1",
        "contentHash": "stGq1c136UUYOsgQuJ5fjiygqZhgt6Kj0pm4iL0qq1MICNgEKTJ4tnbXLkZfrDHDz+olsT2VY9cVv2yshg+m+A==",
        "dependencies": {
          "Microsoft.Extensions.Primitives": "2.0.0"
        }
      },
      "Microsoft.Extensions.DependencyInjection": {
        "type": "Transitive",
        "resolved": "2.0.0",
        "contentHash": "wakg18gHYiUL1pcjjyZuYk6OvDpbSw1E7IWxm78TMepsr+gQ8W0tWzuRm0q/9RFblngwPwo15rrgZSUV51W5Iw==",
        "dependencies": {
          "Microsoft.Extensions.DependencyInjection.Abstractions": "2.0.0"
        }
      },
      "Microsoft.Extensions.DependencyInjection.Abstractions": {
        "type": "Transitive",
        "resolved": "5.0.0",
        "contentHash": "ORj7Zh81gC69TyvmcUm9tSzytcy8AVousi+IVRAI8nLieQjOFryRusSFh7+aLk16FN9pQNqJAiMd7BTKINK0kA=="
      },
      "Microsoft.Extensions.Logging": {
        "type": "Transitive",
        "resolved": "2.0.1",
        "contentHash": "FKeB93fwdaEf2EXpxczDjE1CkWoAIrijiG1RZeDyD0OvbC0yjTVp1kCJTLYPrFil9JveJzvgXpL7BMNil9Ht3w==",
        "dependencies": {
          "Microsoft.Extensions.DependencyInjection.Abstractions": "2.0.0",
          "Microsoft.Extensions.Logging.Abstractions": "2.0.1",
          "Microsoft.Extensions.Options": "2.0.1"
        }
      },
      "Microsoft.Extensions.Logging.Abstractions": {
        "type": "Transitive",
        "resolved": "2.0.1",
        "contentHash": "DzCKlMdXOysXFDBXgNnxFlpSj5AOdMkUqKEjKT1n+japTxhQ3e3MaGODZGtbIj9ezykRs9oEBGmdSHHfh4oNVA=="
      },
      "Microsoft.Extensions.Primitives": {
        "type": "Transitive",
        "resolved": "6.0.0",
        "contentHash": "9+PnzmQFfEFNR9J2aDTfJGGupShHjOuGw4VUv+JB044biSHrnmCIMD+mJHmb2H7YryrfBEXDurxQ47gJZdCKNQ==",
        "dependencies": {
          "System.Runtime.CompilerServices.Unsafe": "6.0.0"
        }
      },
      "Microsoft.Identity.Client": {
        "type": "Transitive",
        "resolved": "4.21.1",
        "contentHash": "vycgk7S/HAbHaUaK4Tid1fsWHsXdFRRP2KavAIOHCVV27zvuQfYAjXmMvctuuF4egydSumG58CwPZob3gWeYgQ=="
      },
      "Microsoft.IdentityModel.JsonWebTokens": {
        "type": "Transitive",
        "resolved": "6.8.0",
        "contentHash": "+7JIww64PkMt7NWFxoe4Y/joeF7TAtA/fQ0b2GFGcagzB59sKkTt/sMZWR6aSZht5YC7SdHi3W6yM1yylRGJCQ==",
        "dependencies": {
          "Microsoft.IdentityModel.Tokens": "6.8.0"
        }
      },
      "Microsoft.IdentityModel.Logging": {
        "type": "Transitive",
        "resolved": "6.8.0",
        "contentHash": "Rfh/p4MaN4gkmhPxwbu8IjrmoDncGfHHPh1sTnc0AcM/Oc39/fzC9doKNWvUAjzFb8LqA6lgZyblTrIsX/wDXg=="
      },
      "Microsoft.IdentityModel.Protocols": {
        "type": "Transitive",
        "resolved": "6.8.0",
        "contentHash": "OJZx5nPdiH+MEkwCkbJrTAUiO/YzLe0VSswNlDxJsJD9bhOIdXHufh650pfm59YH1DNevp3/bXzukKrG57gA1w==",
        "dependencies": {
          "Microsoft.IdentityModel.Logging": "6.8.0",
          "Microsoft.IdentityModel.Tokens": "6.8.0"
        }
      },
      "Microsoft.IdentityModel.Protocols.OpenIdConnect": {
        "type": "Transitive",
        "resolved": "6.8.0",
        "contentHash": "X/PiV5l3nYYsodtrNMrNQIVlDmHpjQQ5w48E+o/D5H4es2+4niEyQf3l03chvZGWNzBRhfSstaXr25/Ye4AeYw==",
        "dependencies": {
          "Microsoft.IdentityModel.Protocols": "6.8.0",
          "System.IdentityModel.Tokens.Jwt": "6.8.0"
        }
      },
      "Microsoft.IdentityModel.Tokens": {
        "type": "Transitive",
        "resolved": "6.8.0",
        "contentHash": "gTqzsGcmD13HgtNePPcuVHZ/NXWmyV+InJgalW/FhWpII1D7V1k0obIseGlWMeA4G+tZfeGMfXr0klnWbMR/mQ==",
        "dependencies": {
          "Microsoft.CSharp": "4.5.0",
          "Microsoft.IdentityModel.Logging": "6.8.0",
          "System.Security.Cryptography.Cng": "4.5.0"
        }
      },
      "Microsoft.NETCore.Platforms": {
        "type": "Transitive",
        "resolved": "3.1.0",
        "contentHash": "z7aeg8oHln2CuNulfhiLYxCVMPEwBl3rzicjvIX+4sUuCwvXw5oXQEtbiU2c0z4qYL5L3Kmx0mMA/+t/SbY67w=="
      },
      "Microsoft.Win32.Registry": {
        "type": "Transitive",
        "resolved": "4.7.0",
        "contentHash": "KSrRMb5vNi0CWSGG1++id2ZOs/1QhRqROt+qgbEAdQuGjGrFcl4AOl4/exGPUYz2wUnU42nvJqon1T3U0kPXLA==",
        "dependencies": {
          "System.Security.AccessControl": "4.7.0",
          "System.Security.Principal.Windows": "4.7.0"
        }
      },
      "Microsoft.Win32.SystemEvents": {
        "type": "Transitive",
        "resolved": "4.7.0",
        "contentHash": "mtVirZr++rq+XCDITMUdnETD59XoeMxSpLRIII7JRI6Yj0LEDiO1pPn0ktlnIj12Ix8bfvQqQDMMIF9wC98oCA==",
        "dependencies": {
          "Microsoft.NETCore.Platforms": "3.1.0"
        }
      },
      "runtime.native.System.Data.SqlClient.sni": {
        "type": "Transitive",
        "resolved": "4.7.0",
        "contentHash": "9kyFSIdN3T0qjDQ2R0HRXYIhS3l5psBzQi6qqhdLz+SzFyEy4sVxNOke+yyYv8Cu8rPER12c3RDjLT8wF3WBYQ==",
        "dependencies": {
          "runtime.win-arm64.runtime.native.System.Data.SqlClient.sni": "4.4.0",
          "runtime.win-x64.runtime.native.System.Data.SqlClient.sni": "4.4.0",
          "runtime.win-x86.runtime.native.System.Data.SqlClient.sni": "4.4.0"
        }
      },
      "runtime.win-arm64.runtime.native.System.Data.SqlClient.sni": {
        "type": "Transitive",
        "resolved": "4.4.0",
        "contentHash": "LbrynESTp3bm5O/+jGL8v0Qg5SJlTV08lpIpFesXjF6uGNMWqFnUQbYBJwZTeua6E/Y7FIM1C54Ey1btLWupdg=="
      },
      "runtime.win-x64.runtime.native.System.Data.SqlClient.sni": {
        "type": "Transitive",
        "resolved": "4.4.0",
        "contentHash": "38ugOfkYJqJoX9g6EYRlZB5U2ZJH51UP8ptxZgdpS07FgOEToV+lS11ouNK2PM12Pr6X/PpT5jK82G3DwH/SxQ=="
      },
      "runtime.win-x86.runtime.native.System.Data.SqlClient.sni": {
        "type": "Transitive",
        "resolved": "4.4.0",
        "contentHash": "YhEdSQUsTx+C8m8Bw7ar5/VesXvCFMItyZF7G1AUY+OM0VPZUOeAVpJ4Wl6fydBGUYZxojTDR3I6Bj/+BPkJNA=="
      },
      "StyleCop.Analyzers.Unstable": {
        "type": "Transitive",
        "resolved": "1.2.0.376",
        "contentHash": "a009jDRd7zP6h+jenZ7nGjqkkFkEuxmT9FeM334cLDwodfU2x/nNcsFqw2Pjd4wVPiyX+qjLq+vhhbE3OPzFMw=="
      },
      "System.Configuration.ConfigurationManager": {
        "type": "Transitive",
        "resolved": "4.7.0",
        "contentHash": "/anOTeSZCNNI2zDilogWrZ8pNqCmYbzGNexUnNhjW8k0sHqEZ2nHJBp147jBV3hGYswu5lINpNg1vxR7bnqvVA==",
        "dependencies": {
          "System.Security.Cryptography.ProtectedData": "4.7.0",
          "System.Security.Permissions": "4.7.0"
        }
      },
      "System.Diagnostics.DiagnosticSource": {
        "type": "Transitive",
        "resolved": "4.7.0",
        "contentHash": "oJjw3uFuVDJiJNbCD8HB4a2p3NYLdt1fiT5OGsPLw+WTOuG0KpP4OXelMmmVKpClueMsit6xOlzy4wNKQFiBLg=="
      },
      "System.Drawing.Common": {
        "type": "Transitive",
        "resolved": "4.7.0",
        "contentHash": "v+XbyYHaZjDfn0ENmJEV1VYLgGgCTx1gnfOBcppowbpOAriglYgGCvFCPr2EEZyBvXlpxbEsTwkOlInl107ahA==",
        "dependencies": {
          "Microsoft.NETCore.Platforms": "3.1.0",
          "Microsoft.Win32.SystemEvents": "4.7.0"
        }
      },
      "System.IdentityModel.Tokens.Jwt": {
        "type": "Transitive",
        "resolved": "6.8.0",
        "contentHash": "5tBCjAub2Bhd5qmcd0WhR5s354e4oLYa//kOWrkX+6/7ZbDDJjMTfwLSOiZ/MMpWdE4DWPLOfTLOq/juj9CKzA==",
        "dependencies": {
          "Microsoft.IdentityModel.JsonWebTokens": "6.8.0",
          "Microsoft.IdentityModel.Tokens": "6.8.0"
        }
      },
      "System.Runtime.Caching": {
        "type": "Transitive",
        "resolved": "4.7.0",
        "contentHash": "NdvNRjTPxYvIEhXQszT9L9vJhdQoX6AQ0AlhjTU+5NqFQVuacJTfhPVAvtGWNA2OJCqRiR/okBcZgMwI6MqcZg==",
        "dependencies": {
          "System.Configuration.ConfigurationManager": "4.7.0"
        }
      },
      "System.Runtime.CompilerServices.Unsafe": {
        "type": "Transitive",
        "resolved": "6.0.0",
        "contentHash": "/iUeP3tq1S0XdNNoMz5C9twLSrM/TH+qElHkXWaPvuNOt+99G75NrV0OS2EqHx5wMN7popYjpc8oTjC1y16DLg=="
      },
      "System.Security.AccessControl": {
        "type": "Transitive",
        "resolved": "4.7.0",
        "contentHash": "JECvTt5aFF3WT3gHpfofL2MNNP6v84sxtXxpqhLBCcDRzqsPBmHhQ6shv4DwwN2tRlzsUxtb3G9M3763rbXKDg==",
        "dependencies": {
          "Microsoft.NETCore.Platforms": "3.1.0",
          "System.Security.Principal.Windows": "4.7.0"
        }
      },
      "System.Security.Cryptography.Cng": {
        "type": "Transitive",
        "resolved": "4.5.0",
        "contentHash": "WG3r7EyjUe9CMPFSs6bty5doUqT+q9pbI80hlNzo2SkPkZ4VTuZkGWjpp77JB8+uaL4DFPRdBsAY+DX3dBK92A=="
      },
      "System.Security.Cryptography.ProtectedData": {
        "type": "Transitive",
        "resolved": "4.7.0",
        "contentHash": "ehYW0m9ptxpGWvE4zgqongBVWpSDU/JCFD4K7krxkQwSz/sFQjEXCUqpvencjy6DYDbn7Ig09R8GFffu8TtneQ=="
      },
      "System.Security.Permissions": {
        "type": "Transitive",
        "resolved": "4.7.0",
        "contentHash": "dkOV6YYVBnYRa15/yv004eCGRBVADXw8qRbbNiCn/XpdJSUXkkUeIvdvFHkvnko4CdKMqG8yRHC4ox83LSlMsQ==",
        "dependencies": {
          "System.Security.AccessControl": "4.7.0",
          "System.Windows.Extensions": "4.7.0"
        }
      },
      "System.Security.Principal.Windows": {
        "type": "Transitive",
        "resolved": "4.7.0",
        "contentHash": "ojD0PX0XhneCsUbAZVKdb7h/70vyYMDYs85lwEI+LngEONe/17A0cFaRFqZU+sOEidcVswYWikYOQ9PPfjlbtQ=="
      },
      "System.Text.Encoding.CodePages": {
        "type": "Transitive",
        "resolved": "4.7.0",
        "contentHash": "aeu4FlaUTemuT1qOd1MyU4T516QR4Fy+9yDbwWMPHOHy7U8FD6SgTzdZFO7gHcfAPHtECqInbwklVvUK4RHcNg==",
        "dependencies": {
          "Microsoft.NETCore.Platforms": "3.1.0"
        }
      },
      "System.ValueTuple": {
        "type": "Transitive",
        "resolved": "4.4.0",
        "contentHash": "BahUww/+mdP4ARCAh2RQhQTg13wYLVrBb9SYVgW8ZlrwjraGCXHGjo0oIiUfZ34LUZkMMR+RAzR7dEY4S1HeQQ=="
      },
      "System.Windows.Extensions": {
        "type": "Transitive",
        "resolved": "4.7.0",
        "contentHash": "CeWTdRNfRaSh0pm2gDTJFwVaXfTq6Xwv/sA887iwPTneW7oMtMlpvDIO+U60+3GWTB7Aom6oQwv5VZVUhQRdPQ==",
        "dependencies": {
          "System.Drawing.Common": "4.7.0"
        }
      },
      "cashregister.api.models": {
        "type": "Project"
      },
      "cashregister.uapki": {
        "type": "Project",
        "dependencies": {
          "Newtonsoft.Json": "[13.0.1, )"
        }
      }
    }
  }
}